
Microsoft Visual Studio Solution File, Format Version 12.00
# Visual Studio Version 16
VisualStudioVersion = 16.0.28606.126
MinimumVisualStudioVersion = 10.0.40219.1
Project("{FAE04EC0-301F-11D3-BF4B-00C04F79EFBC}") = "Test", "Test.csproj", "{32041268-FD7D-441F-96EE-10659E55D32C}"
EndProject
Global
	GlobalSection(SolutionConfigurationPlatforms) = preSolution
		Debug|Any CPU = Debug|Any CPU
		Release|Any CPU = Release|Any CPU
	EndGlobalSection
	GlobalSection(ProjectConfigurationPlatforms) = postSolution
		{32041268-FD7D-441F-96EE-10659E55D32C}.Debug|Any CPU.ActiveCfg = Debug|Any CPU
		{32041268-FD7D-441F-96EE-10659E55D32C}.Debug|Any CPU.Build.0 = Debug|Any CPU
		{32041268-FD7D-441F-96EE-10659E55D32C}.Release|Any CPU.ActiveCfg = Release|Any CPU
		{32041268-FD7D-441F-96EE-10659E55D32C}.Release|Any CPU.Build.0 = Release|Any CPU
	EndGlobalSection
	GlobalSection(SolutionProperties) = preSolution
		HideSolutionNode = FALSE
	EndGlobalSection
	GlobalSection(ExtensibilityGlobals) = postSolution
		SolutionGuid = {98CEB7A4-551F-4C90-AD9D-68CDC6394B8B}
	EndGlobalSection
EndGlobal
